
Microsoft Visual Studio Solution File, Format Version 12.00
# Visual Studio Version 17
VisualStudioVersion = 17.10.34928.147
MinimumVisualStudioVersion = 10.0.40219.1
Project("{9A19103F-16F7-4668-BE54-9A1E7A4F7556}") = "OppoControl", "OppoControl.csproj", "{859C9E3C-4E3E-4E1B-A00A-4A112089962D}"
EndProject
Global
	GlobalSection(SolutionConfigurationPlatforms) = preSolution
		Debug|Any CPU = Debug|Any CPU
		Release|Any CPU = Release|Any CPU
	EndGlobalSection
	GlobalSection(ProjectConfigurationPlatforms) = postSolution
		{859C9E3C-4E3E-4E1B-A00A-4A112089962D}.Debug|Any CPU.ActiveCfg = Debug|Any CPU
		{859C9E3C-4E3E-4E1B-A00A-4A112089962D}.Debug|Any CPU.Build.0 = Debug|Any CPU
		{859C9E3C-4E3E-4E1B-A00A-4A112089962D}.Release|Any CPU.ActiveCfg = Release|Any CPU
		{859C9E3C-4E3E-4E1B-A00A-4A112089962D}.Release|Any CPU.Build.0 = Release|Any CPU
	EndGlobalSection
	GlobalSection(SolutionProperties) = preSolution
		HideSolutionNode = FALSE
	EndGlobalSection
	GlobalSection(ExtensibilityGlobals) = postSolution
		SolutionGuid = {CAD5CC04-E8B7-4A23-92BA-697E548AF535}
	EndGlobalSection
EndGlobal
